{
  "name": "headfirstdesignpatterninjavascript",
  "version": "1.0.0",
  "lockfileVersion": 1,
  "requires": true,
  "dependencies": {
    "es6-mixins": {
      "version": "1.0.2",
      "resolved": "https://registry.npmjs.org/es6-mixins/-/es6-mixins-1.0.2.tgz",
      "integrity": "sha1-wYdBudl3TPtE9230KLo5gBQK34w="
    },
    "interface": {
      "version": "1.2.1",
      "resolved": "http://registry.npm.taobao.org/interface/download/interface-1.2.1.tgz"
    }
  }
}
